// !$*UTF8*$!
{
	archiveVersion = 1;
	classes = {
	};
	objectVersion = 46;
	objects = {

/* Begin PBXBuildFile section */
		D23CF67A176C855800301165 /* Cocoa.framework in Frameworks */ = {isa = PBXBuildFile; fileRef = D23CF679176C855800301165 /* Cocoa.framework */; };
		D23CF684176C855800301165 /* InfoPlist.strings in Resources */ = {isa = PBXBuildFile; fileRef = D23CF682176C855800301165 /* InfoPlist.strings */; };
		D23CF68F176C855800301165 /* XCTest.framework in Frameworks */ = {isa = PBXBuildFile; fileRef = D23CF68E176C855800301165 /* XCTest.framework */; };
		D23CF690176C855800301165 /* Cocoa.framework in Frameworks */ = {isa = PBXBuildFile; fileRef = D23CF679176C855800301165 /* Cocoa.framework */; };
		D23CF693176C855800301165 /* MCCMailCommon.framework in Frameworks */ = {isa = PBXBuildFile; fileRef = D23CF676176C855800301165 /* MCCMailCommon.framework */; };
		D23CF699176C855800301165 /* InfoPlist.strings in Resources */ = {isa = PBXBuildFile; fileRef = D23CF697176C855800301165 /* InfoPlist.strings */; };
		D23CF69B176C855800301165 /* MCCMailCommonTests.m in Sources */ = {isa = PBXBuildFile; fileRef = D23CF69A176C855800301165 /* MCCMailCommonTests.m */; };
		D23CF6AC176C88EF00301165 /* MCCMailAbstractor.m in Sources */ = {isa = PBXBuildFile; fileRef = D23CF6A8176C88C600301165 /* MCCMailAbstractor.m */; };
		D23CF6AD176C88F200301165 /* MCCSwizzle.m in Sources */ = {isa = PBXBuildFile; fileRef = D23CF6AA176C88C600301165 /* MCCSwizzle.m */; };
		D23CF6AE176C890E00301165 /* MCCCommonHeader.h in Headers */ = {isa = PBXBuildFile; fileRef = D23CF6A6176C88C600301165 /* MCCCommonHeader.h */; settings = {ATTRIBUTES = (Public, ); }; };
		D23CF6AF176C891300301165 /* MCCMailAbstractor.h in Headers */ = {isa = PBXBuildFile; fileRef = D23CF6A7176C88C600301165 /* MCCMailAbstractor.h */; settings = {ATTRIBUTES = (Public, ); }; };
		D23CF6B0176C891700301165 /* MCCSwizzle.h in Headers */ = {isa = PBXBuildFile; fileRef = D23CF6A9176C88C600301165 /* MCCSwizzle.h */; settings = {ATTRIBUTES = (Public, ); }; };
		D23CF6B1176C892300301165 /* MailVersionClassMappings.plist in Resources */ = {isa = PBXBuildFile; fileRef = D23CF6A5176C88C600301165 /* MailVersionClassMappings.plist */; };
		D2421E7717E715F0006427A6 /* MyObject.m in Sources */ = {isa = PBXBuildFile; fileRef = D26674CF17E5F882004B4869 /* MyObject.m */; };
		D2421E7817E715F0006427A6 /* TSTObject.m in Sources */ = {isa = PBXBuildFile; fileRef = D26674C817E5D6A8004B4869 /* TSTObject.m */; };
		D2421E7B17E71A22006427A6 /* Cocoa.framework in Frameworks */ = {isa = PBXBuildFile; fileRef = D23CF679176C855800301165 /* Cocoa.framework */; };
		D2421E8117E71AEF006427A6 /* MCCSwizzle.m in Sources */ = {isa = PBXBuildFile; fileRef = D23CF6AA176C88C600301165 /* MCCSwizzle.m */; };
		D2421E8217E71AEF006427A6 /* MCCMailAbstractor.m in Sources */ = {isa = PBXBuildFile; fileRef = D23CF6A8176C88C600301165 /* MCCMailAbstractor.m */; };
		D2421E8417E71AEF006427A6 /* Cocoa.framework in Frameworks */ = {isa = PBXBuildFile; fileRef = D23CF679176C855800301165 /* Cocoa.framework */; };
		D2421E8617E71AEF006427A6 /* MCCCommonHeader.h in Headers */ = {isa = PBXBuildFile; fileRef = D23CF6A6176C88C600301165 /* MCCCommonHeader.h */; settings = {ATTRIBUTES = (Public, ); }; };
		D2421E8717E71AEF006427A6 /* MCCMailAbstractor.h in Headers */ = {isa = PBXBuildFile; fileRef = D23CF6A7176C88C600301165 /* MCCMailAbstractor.h */; settings = {ATTRIBUTES = (Public, ); }; };
		D2421E8817E71AEF006427A6 /* MCCSwizzle.h in Headers */ = {isa = PBXBuildFile; fileRef = D23CF6A9176C88C600301165 /* MCCSwizzle.h */; settings = {ATTRIBUTES = (Public, ); }; };
		D2421E8A17E71AEF006427A6 /* InfoPlist.strings in Resources */ = {isa = PBXBuildFile; fileRef = D23CF682176C855800301165 /* InfoPlist.strings */; };
		D2421E8B17E71AEF006427A6 /* MailVersionClassMappings.plist in Resources */ = {isa = PBXBuildFile; fileRef = D23CF6A5176C88C600301165 /* MailVersionClassMappings.plist */; };
		D2421E9117E71B85006427A6 /* MCCMailCommonSuper.framework in Frameworks */ = {isa = PBXBuildFile; fileRef = D2421E8F17E71AEF006427A6 /* MCCMailCommonSuper.framework */; };
		D2421E9617E71EC2006427A6 /* MCCSwizzle.m in Sources */ = {isa = PBXBuildFile; fileRef = D23CF6AA176C88C600301165 /* MCCSwizzle.m */; };
		D2421E9717E71EC2006427A6 /* MCCMailAbstractor.m in Sources */ = {isa = PBXBuildFile; fileRef = D23CF6A8176C88C600301165 /* MCCMailAbstractor.m */; };
		D2421E9917E71EC2006427A6 /* Cocoa.framework in Frameworks */ = {isa = PBXBuildFile; fileRef = D23CF679176C855800301165 /* Cocoa.framework */; };
		D2421E9B17E71EC2006427A6 /* MCCCommonHeader.h in Headers */ = {isa = PBXBuildFile; fileRef = D23CF6A6176C88C600301165 /* MCCCommonHeader.h */; settings = {ATTRIBUTES = (Public, ); }; };
		D2421E9C17E71EC2006427A6 /* MCCMailAbstractor.h in Headers */ = {isa = PBXBuildFile; fileRef = D23CF6A7176C88C600301165 /* MCCMailAbstractor.h */; settings = {ATTRIBUTES = (Public, ); }; };
		D2421E9D17E71EC2006427A6 /* MCCSwizzle.h in Headers */ = {isa = PBXBuildFile; fileRef = D23CF6A9176C88C600301165 /* MCCSwizzle.h */; settings = {ATTRIBUTES = (Public, ); }; };
		D2421E9F17E71EC2006427A6 /* InfoPlist.strings in Resources */ = {isa = PBXBuildFile; fileRef = D23CF682176C855800301165 /* InfoPlist.strings */; };
		D2421EA017E71EC2006427A6 /* MailVersionClassMappings.plist in Resources */ = {isa = PBXBuildFile; fileRef = D23CF6A5176C88C600301165 /* MailVersionClassMappings.plist */; };
		D2421EA617E71F90006427A6 /* Cocoa.framework in Frameworks */ = {isa = PBXBuildFile; fileRef = D23CF679176C855800301165 /* Cocoa.framework */; };
		D2421EA717E71F95006427A6 /* MCCMailCommonSeparators.framework in Frameworks */ = {isa = PBXBuildFile; fileRef = D2421EA417E71EC2006427A6 /* MCCMailCommonSeparators.framework */; };
		D26674C417E5D591004B4869 /* TSTObject+MCCSwizzle.m in Sources */ = {isa = PBXBuildFile; fileRef = D26674C317E5D591004B4869 /* TSTObject+MCCSwizzle.m */; };
		D26674C917E5D6A8004B4869 /* TSTObject.m in Sources */ = {isa = PBXBuildFile; fileRef = D26674C817E5D6A8004B4869 /* TSTObject.m */; };
		D26674CD17E5E031004B4869 /* NSObject+DLIntrospection.m in Sources */ = {isa = PBXBuildFile; fileRef = D26674CC17E5E031004B4869 /* NSObject+DLIntrospection.m */; };
		D26674D017E5F882004B4869 /* MyObject.m in Sources */ = {isa = PBXBuildFile; fileRef = D26674CF17E5F882004B4869 /* MyObject.m */; };
		D26674E217E663C9004B4869 /* XCTest.framework in Frameworks */ = {isa = PBXBuildFile; fileRef = D23CF68E176C855800301165 /* XCTest.framework */; };
		D26674E817E663C9004B4869 /* InfoPlist.strings in Resources */ = {isa = PBXBuildFile; fileRef = D26674E617E663C9004B4869 /* InfoPlist.strings */; };
		D26674EA17E663C9004B4869 /* MCCSeparatorTests.m in Sources */ = {isa = PBXBuildFile; fileRef = D26674E917E663C9004B4869 /* MCCSeparatorTests.m */; };
		D26674F217E66445004B4869 /* AnotherObject_TST.m in Sources */ = {isa = PBXBuildFile; fileRef = D26674D517E65635004B4869 /* AnotherObject_TST.m */; };
		D26674F317E66445004B4869 /* AnotherObject.m in Sources */ = {isa = PBXBuildFile; fileRef = D26674D217E65369004B4869 /* AnotherObject.m */; };
		D26674FA17E71406004B4869 /* XCTest.framework in Frameworks */ = {isa = PBXBuildFile; fileRef = D23CF68E176C855800301165 /* XCTest.framework */; };
		D266750017E71406004B4869 /* InfoPlist.strings in Resources */ = {isa = PBXBuildFile; fileRef = D26674FE17E71406004B4869 /* InfoPlist.strings */; };
		D266750217E71406004B4869 /* MCCSuperTests.m in Sources */ = {isa = PBXBuildFile; fileRef = D266750117E71406004B4869 /* MCCSuperTests.m */; };
		D2E2E960188C90D9000F1E76 /* MCCClassAbstractorLionTests.m in Sources */ = {isa = PBXBuildFile; fileRef = D2E2E95F188C90D9000F1E76 /* MCCClassAbstractorLionTests.m */; };
		D2E2E963188C9C9D000F1E76 /* PluginClassMappings.plist in Resources */ = {isa = PBXBuildFile; fileRef = D2E2E961188C9B9D000F1E76 /* PluginClassMappings.plist */; };
/* End PBXBuildFile section */

/* Begin PBXContainerItemProxy section */
		D23CF691176C855800301165 /* PBXContainerItemProxy */ = {
			isa = PBXContainerItemProxy;
			containerPortal = D23CF66D176C855800301165 /* Project object */;
			proxyType = 1;
			remoteGlobalIDString = D23CF675176C855800301165;
			remoteInfo = MCCMailCommon;
		};
		D2421E9217E71C2E006427A6 /* PBXContainerItemProxy */ = {
			isa = PBXContainerItemProxy;
			containerPortal = D23CF66D176C855800301165 /* Project object */;
			proxyType = 1;
			remoteGlobalIDString = D2421E7F17E71AEF006427A6;
			remoteInfo = MCCMailCommonSuper;
		};
		D2421EA817E71F9B006427A6 /* PBXContainerItemProxy */ = {
			isa = PBXContainerItemProxy;
			containerPortal = D23CF66D176C855800301165 /* Project object */;
			proxyType = 1;
			remoteGlobalIDString = D2421E9417E71EC2006427A6;
			remoteInfo = MCCMailCommonSeparators;
		};
/* End PBXContainerItemProxy section */

/* Begin PBXFileReference section */
		D23CF676176C855800301165 /* MCCMailCommon.framework */ = {isa = PBXFileReference; explicitFileType = wrapper.framework; includeInIndex = 0; path = MCCMailCommon.framework; sourceTree = BUILT_PRODUCTS_DIR; };
		D23CF679176C855800301165 /* Cocoa.framework */ = {isa = PBXFileReference; lastKnownFileType = wrapper.framework; name = Cocoa.framework; path = System/Library/Frameworks/Cocoa.framework; sourceTree = SDKROOT; };
		D23CF67C176C855800301165 /* Foundation.framework */ = {isa = PBXFileReference; lastKnownFileType = wrapper.framework; name = Foundation.framework; path = System/Library/Frameworks/Foundation.framework; sourceTree = SDKROOT; };
		D23CF67D176C855800301165 /* CoreData.framework */ = {isa = PBXFileReference; lastKnownFileType = wrapper.framework; name = CoreData.framework; path = System/Library/Frameworks/CoreData.framework; sourceTree = SDKROOT; };
		D23CF67E176C855800301165 /* AppKit.framework */ = {isa = PBXFileReference; lastKnownFileType = wrapper.framework; name = AppKit.framework; path = System/Library/Frameworks/AppKit.framework; sourceTree = SDKROOT; };
		D23CF681176C855800301165 /* MCCMailCommon-Info.plist */ = {isa = PBXFileReference; lastKnownFileType = text.plist.xml; path = "MCCMailCommon-Info.plist"; sourceTree = "<group>"; };
		D23CF683176C855800301165 /* en */ = {isa = PBXFileReference; lastKnownFileType = text.plist.strings; name = en; path = en.lproj/InfoPlist.strings; sourceTree = "<group>"; };
		D23CF685176C855800301165 /* MCCMailCommon-Prefix.pch */ = {isa = PBXFileReference; lastKnownFileType = sourcecode.c.h; path = "MCCMailCommon-Prefix.pch"; sourceTree = "<group>"; };
		D23CF68D176C855800301165 /* MCCMailCommonTests.xctest */ = {isa = PBXFileReference; explicitFileType = wrapper.cfbundle; includeInIndex = 0; path = MCCMailCommonTests.xctest; sourceTree = BUILT_PRODUCTS_DIR; };
		D23CF68E176C855800301165 /* XCTest.framework */ = {isa = PBXFileReference; lastKnownFileType = wrapper.framework; name = XCTest.framework; path = Library/Frameworks/XCTest.framework; sourceTree = DEVELOPER_DIR; };
		D23CF696176C855800301165 /* MCCMailCommonTests-Info.plist */ = {isa = PBXFileReference; lastKnownFileType = text.plist.xml; path = "MCCMailCommonTests-Info.plist"; sourceTree = "<group>"; };
		D23CF698176C855800301165 /* en */ = {isa = PBXFileReference; lastKnownFileType = text.plist.strings; name = en; path = en.lproj/InfoPlist.strings; sourceTree = "<group>"; };
		D23CF69A176C855800301165 /* MCCMailCommonTests.m */ = {isa = PBXFileReference; lastKnownFileType = sourcecode.c.objc; path = MCCMailCommonTests.m; sourceTree = "<group>"; };
		D23CF6A4176C875500301165 /* lk-warnings.xcconfig */ = {isa = PBXFileReference; lastKnownFileType = text.xcconfig; name = "lk-warnings.xcconfig"; path = "../../LKConfigs/lk-warnings.xcconfig"; sourceTree = "<group>"; };
		D23CF6A5176C88C600301165 /* MailVersionClassMappings.plist */ = {isa = PBXFileReference; lastKnownFileType = text.plist.xml; name = MailVersionClassMappings.plist; path = ../../MailVersionClassMappings.plist; sourceTree = "<group>"; };
		D23CF6A6176C88C600301165 /* MCCCommonHeader.h */ = {isa = PBXFileReference; lastKnownFileType = sourcecode.c.h; name = MCCCommonHeader.h; path = ../../MCCCommonHeader.h; sourceTree = "<group>"; };
		D23CF6A7176C88C600301165 /* MCCMailAbstractor.h */ = {isa = PBXFileReference; lastKnownFileType = sourcecode.c.h; name = MCCMailAbstractor.h; path = ../../MCCMailAbstractor.h; sourceTree = "<group>"; };
		D23CF6A8176C88C600301165 /* MCCMailAbstractor.m */ = {isa = PBXFileReference; lastKnownFileType = sourcecode.c.objc; name = MCCMailAbstractor.m; path = ../../MCCMailAbstractor.m; sourceTree = "<group>"; };
		D23CF6A9176C88C600301165 /* MCCSwizzle.h */ = {isa = PBXFileReference; lastKnownFileType = sourcecode.c.h; name = MCCSwizzle.h; path = ../../MCCSwizzle.h; sourceTree = "<group>"; };
		D23CF6AA176C88C600301165 /* MCCSwizzle.m */ = {isa = PBXFileReference; lastKnownFileType = sourcecode.c.objc; name = MCCSwizzle.m; path = ../../MCCSwizzle.m; sourceTree = "<group>"; };
		D2421E8F17E71AEF006427A6 /* MCCMailCommonSuper.framework */ = {isa = PBXFileReference; explicitFileType = wrapper.framework; includeInIndex = 0; path = MCCMailCommonSuper.framework; sourceTree = BUILT_PRODUCTS_DIR; };
		D2421EA417E71EC2006427A6 /* MCCMailCommonSeparators.framework */ = {isa = PBXFileReference; explicitFileType = wrapper.framework; includeInIndex = 0; path = MCCMailCommonSeparators.framework; sourceTree = BUILT_PRODUCTS_DIR; };
		D26674C217E5D591004B4869 /* TSTObject+MCCSwizzle.h */ = {isa = PBXFileReference; fileEncoding = 4; lastKnownFileType = sourcecode.c.h; path = "TSTObject+MCCSwizzle.h"; sourceTree = "<group>"; };
		D26674C317E5D591004B4869 /* TSTObject+MCCSwizzle.m */ = {isa = PBXFileReference; fileEncoding = 4; lastKnownFileType = sourcecode.c.objc; path = "TSTObject+MCCSwizzle.m"; sourceTree = "<group>"; };
		D26674C717E5D6A8004B4869 /* TSTObject.h */ = {isa = PBXFileReference; fileEncoding = 4; lastKnownFileType = sourcecode.c.h; path = TSTObject.h; sourceTree = "<group>"; };
		D26674C817E5D6A8004B4869 /* TSTObject.m */ = {isa = PBXFileReference; fileEncoding = 4; lastKnownFileType = sourcecode.c.objc; path = TSTObject.m; sourceTree = "<group>"; };
		D26674CB17E5E031004B4869 /* NSObject+DLIntrospection.h */ = {isa = PBXFileReference; fileEncoding = 4; lastKnownFileType = sourcecode.c.h; name = "NSObject+DLIntrospection.h"; path = "DLIntrospection/DLIntrospection/NSObject+DLIntrospection.h"; sourceTree = SOURCE_ROOT; };
		D26674CC17E5E031004B4869 /* NSObject+DLIntrospection.m */ = {isa = PBXFileReference; fileEncoding = 4; lastKnownFileType = sourcecode.c.objc; name = "NSObject+DLIntrospection.m"; path = "DLIntrospection/DLIntrospection/NSObject+DLIntrospection.m"; sourceTree = SOURCE_ROOT; };
		D26674CE17E5F882004B4869 /* MyObject.h */ = {isa = PBXFileReference; fileEncoding = 4; lastKnownFileType = sourcecode.c.h; path = MyObject.h; sourceTree = "<group>"; };
		D26674CF17E5F882004B4869 /* MyObject.m */ = {isa = PBXFileReference; fileEncoding = 4; lastKnownFileType = sourcecode.c.objc; path = MyObject.m; sourceTree = "<group>"; };
		D26674D117E65369004B4869 /* AnotherObject.h */ = {isa = PBXFileReference; fileEncoding = 4; lastKnownFileType = sourcecode.c.h; name = AnotherObject.h; path = ../MCCMailCommonTests/AnotherObject.h; sourceTree = "<group>"; };
		D26674D217E65369004B4869 /* AnotherObject.m */ = {isa = PBXFileReference; fileEncoding = 4; lastKnownFileType = sourcecode.c.objc; name = AnotherObject.m; path = ../MCCMailCommonTests/AnotherObject.m; sourceTree = "<group>"; };
		D26674D417E65635004B4869 /* AnotherObject_TST.h */ = {isa = PBXFileReference; fileEncoding = 4; lastKnownFileType = sourcecode.c.h; name = AnotherObject_TST.h; path = ../MCCMailCommonTests/AnotherObject_TST.h; sourceTree = "<group>"; };
		D26674D517E65635004B4869 /* AnotherObject_TST.m */ = {isa = PBXFileReference; fileEncoding = 4; lastKnownFileType = sourcecode.c.objc; name = AnotherObject_TST.m; path = ../MCCMailCommonTests/AnotherObject_TST.m; sourceTree = "<group>"; };
		D26674E117E663C9004B4869 /* MCCSeparatorTests.xctest */ = {isa = PBXFileReference; explicitFileType = wrapper.cfbundle; includeInIndex = 0; path = MCCSeparatorTests.xctest; sourceTree = BUILT_PRODUCTS_DIR; };
		D26674E517E663C9004B4869 /* MCCSeparatorTests-Info.plist */ = {isa = PBXFileReference; lastKnownFileType = text.plist.xml; path = "MCCSeparatorTests-Info.plist"; sourceTree = "<group>"; };
		D26674E717E663C9004B4869 /* en */ = {isa = PBXFileReference; lastKnownFileType = text.plist.strings; name = en; path = en.lproj/InfoPlist.strings; sourceTree = "<group>"; };
		D26674E917E663C9004B4869 /* MCCSeparatorTests.m */ = {isa = PBXFileReference; lastKnownFileType = sourcecode.c.objc; path = MCCSeparatorTests.m; sourceTree = "<group>"; };
		D26674F917E71406004B4869 /* MCCSuperTests.xctest */ = {isa = PBXFileReference; explicitFileType = wrapper.cfbundle; includeInIndex = 0; path = MCCSuperTests.xctest; sourceTree = BUILT_PRODUCTS_DIR; };
		D26674FD17E71406004B4869 /* MCCSuperTests-Info.plist */ = {isa = PBXFileReference; lastKnownFileType = text.plist.xml; path = "MCCSuperTests-Info.plist"; sourceTree = "<group>"; };
		D26674FF17E71406004B4869 /* en */ = {isa = PBXFileReference; lastKnownFileType = text.plist.strings; name = en; path = en.lproj/InfoPlist.strings; sourceTree = "<group>"; };
		D266750117E71406004B4869 /* MCCSuperTests.m */ = {isa = PBXFileReference; lastKnownFileType = sourcecode.c.objc; path = MCCSuperTests.m; sourceTree = "<group>"; };
		D2E2E95F188C90D9000F1E76 /* MCCClassAbstractorLionTests.m */ = {isa = PBXFileReference; fileEncoding = 4; lastKnownFileType = sourcecode.c.objc; path = MCCClassAbstractorLionTests.m; sourceTree = "<group>"; };
		D2E2E961188C9B9D000F1E76 /* PluginClassMappings.plist */ = {isa = PBXFileReference; fileEncoding = 4; lastKnownFileType = text.plist.xml; path = PluginClassMappings.plist; sourceTree = "<group>"; };
/* End PBXFileReference section */

/* Begin PBXFrameworksBuildPhase section */
		D23CF672176C855800301165 /* Frameworks */ = {
			isa = PBXFrameworksBuildPhase;
			buildActionMask = 2147483647;
			files = (
				D23CF67A176C855800301165 /* Cocoa.framework in Frameworks */,
			);
			runOnlyForDeploymentPostprocessing = 0;
		};
		D23CF68A176C855800301165 /* Frameworks */ = {
			isa = PBXFrameworksBuildPhase;
			buildActionMask = 2147483647;
			files = (
				D23CF690176C855800301165 /* Cocoa.framework in Frameworks */,
				D23CF693176C855800301165 /* MCCMailCommon.framework in Frameworks */,
				D23CF68F176C855800301165 /* XCTest.framework in Frameworks */,
			);
			runOnlyForDeploymentPostprocessing = 0;
		};
		D2421E8317E71AEF006427A6 /* Frameworks */ = {
			isa = PBXFrameworksBuildPhase;
			buildActionMask = 2147483647;
			files = (
				D2421E8417E71AEF006427A6 /* Cocoa.framework in Frameworks */,
			);
			runOnlyForDeploymentPostprocessing = 0;
		};
		D2421E9817E71EC2006427A6 /* Frameworks */ = {
			isa = PBXFrameworksBuildPhase;
			buildActionMask = 2147483647;
			files = (
				D2421E9917E71EC2006427A6 /* Cocoa.framework in Frameworks */,
			);
			runOnlyForDeploymentPostprocessing = 0;
		};
		D26674DE17E663C9004B4869 /* Frameworks */ = {
			isa = PBXFrameworksBuildPhase;
			buildActionMask = 2147483647;
			files = (
				D2421EA717E71F95006427A6 /* MCCMailCommonSeparators.framework in Frameworks */,
				D2421EA617E71F90006427A6 /* Cocoa.framework in Frameworks */,
				D26674E217E663C9004B4869 /* XCTest.framework in Frameworks */,
			);
			runOnlyForDeploymentPostprocessing = 0;
		};
		D26674F617E71406004B4869 /* Frameworks */ = {
			isa = PBXFrameworksBuildPhase;
			buildActionMask = 2147483647;
			files = (
				D2421E9117E71B85006427A6 /* MCCMailCommonSuper.framework in Frameworks */,
				D2421E7B17E71A22006427A6 /* Cocoa.framework in Frameworks */,
				D26674FA17E71406004B4869 /* XCTest.framework in Frameworks */,
			);
			runOnlyForDeploymentPostprocessing = 0;
		};
/* End PBXFrameworksBuildPhase section */

/* Begin PBXGroup section */
		D23CF66C176C855800301165 = {
			isa = PBXGroup;
			children = (
				D23CF67F176C855800301165 /* MCCMailCommon */,
				D23CF694176C855800301165 /* MCCMailCommonTests */,
				D26674FB17E71406004B4869 /* MCCSuperTests */,
				D26674E317E663C9004B4869 /* MCCSeparatorTests */,
				D23CF678176C855800301165 /* Frameworks */,
				D23CF677176C855800301165 /* Products */,
			);
			sourceTree = "<group>";
		};
		D23CF677176C855800301165 /* Products */ = {
			isa = PBXGroup;
			children = (
				D23CF676176C855800301165 /* MCCMailCommon.framework */,
				D23CF68D176C855800301165 /* MCCMailCommonTests.xctest */,
				D26674E117E663C9004B4869 /* MCCSeparatorTests.xctest */,
				D26674F917E71406004B4869 /* MCCSuperTests.xctest */,
				D2421E8F17E71AEF006427A6 /* MCCMailCommonSuper.framework */,
				D2421EA417E71EC2006427A6 /* MCCMailCommonSeparators.framework */,
			);
			name = Products;
			sourceTree = "<group>";
		};
		D23CF678176C855800301165 /* Frameworks */ = {
			isa = PBXGroup;
			children = (
				D23CF679176C855800301165 /* Cocoa.framework */,
				D23CF68E176C855800301165 /* XCTest.framework */,
				D23CF67B176C855800301165 /* Other Frameworks */,
			);
			name = Frameworks;
			sourceTree = "<group>";
		};
		D23CF67B176C855800301165 /* Other Frameworks */ = {
			isa = PBXGroup;
			children = (
				D23CF67C176C855800301165 /* Foundation.framework */,
				D23CF67D176C855800301165 /* CoreData.framework */,
				D23CF67E176C855800301165 /* AppKit.framework */,
			);
			name = "Other Frameworks";
			sourceTree = "<group>";
		};
		D23CF67F176C855800301165 /* MCCMailCommon */ = {
			isa = PBXGroup;
			children = (
				D23CF6A6176C88C600301165 /* MCCCommonHeader.h */,
				D23CF6A7176C88C600301165 /* MCCMailAbstractor.h */,
				D23CF6A8176C88C600301165 /* MCCMailAbstractor.m */,
				D23CF6A9176C88C600301165 /* MCCSwizzle.h */,
				D23CF6AA176C88C600301165 /* MCCSwizzle.m */,
				D23CF6AB176C88D100301165 /* Resources */,
				D23CF680176C855800301165 /* Project */,
			);
			path = MCCMailCommon;
			sourceTree = "<group>";
		};
		D23CF680176C855800301165 /* Project */ = {
			isa = PBXGroup;
			children = (
				D23CF685176C855800301165 /* MCCMailCommon-Prefix.pch */,
				D23CF681176C855800301165 /* MCCMailCommon-Info.plist */,
				D23CF6A4176C875500301165 /* lk-warnings.xcconfig */,
			);
			name = Project;
			sourceTree = "<group>";
		};
		D23CF694176C855800301165 /* MCCMailCommonTests */ = {
			isa = PBXGroup;
			children = (
				D23CF69A176C855800301165 /* MCCMailCommonTests.m */,
				D2E2E95F188C90D9000F1E76 /* MCCClassAbstractorLionTests.m */,
				D26674CA17E5E010004B4869 /* TestObjects */,
				D23CF695176C855800301165 /* Supporting Files */,
			);
			path = MCCMailCommonTests;
			sourceTree = "<group>";
		};
		D23CF695176C855800301165 /* Supporting Files */ = {
			isa = PBXGroup;
			children = (
				D2E2E961188C9B9D000F1E76 /* PluginClassMappings.plist */,
				D26674CB17E5E031004B4869 /* NSObject+DLIntrospection.h */,
				D26674CC17E5E031004B4869 /* NSObject+DLIntrospection.m */,
				D23CF696176C855800301165 /* MCCMailCommonTests-Info.plist */,
				D23CF697176C855800301165 /* InfoPlist.strings */,
			);
			name = "Supporting Files";
			sourceTree = "<group>";
		};
		D23CF6AB176C88D100301165 /* Resources */ = {
			isa = PBXGroup;
			children = (
				D23CF6A5176C88C600301165 /* MailVersionClassMappings.plist */,
				D23CF682176C855800301165 /* InfoPlist.strings */,
			);
			name = Resources;
			sourceTree = "<group>";
		};
		D26674CA17E5E010004B4869 /* TestObjects */ = {
			isa = PBXGroup;
			children = (
				D26674C217E5D591004B4869 /* TSTObject+MCCSwizzle.h */,
				D26674C317E5D591004B4869 /* TSTObject+MCCSwizzle.m */,
				D26674CE17E5F882004B4869 /* MyObject.h */,
				D26674CF17E5F882004B4869 /* MyObject.m */,
				D26674C717E5D6A8004B4869 /* TSTObject.h */,
				D26674C817E5D6A8004B4869 /* TSTObject.m */,
			);
			name = TestObjects;
			sourceTree = "<group>";
		};
		D26674E317E663C9004B4869 /* MCCSeparatorTests */ = {
			isa = PBXGroup;
			children = (
				D26674E917E663C9004B4869 /* MCCSeparatorTests.m */,
				D26674F117E66433004B4869 /* Test Objects */,
				D26674E417E663C9004B4869 /* Supporting Files */,
			);
			path = MCCSeparatorTests;
			sourceTree = "<group>";
		};
		D26674E417E663C9004B4869 /* Supporting Files */ = {
			isa = PBXGroup;
			children = (
				D26674E517E663C9004B4869 /* MCCSeparatorTests-Info.plist */,
				D26674E617E663C9004B4869 /* InfoPlist.strings */,
			);
			name = "Supporting Files";
			sourceTree = "<group>";
		};
		D26674F117E66433004B4869 /* Test Objects */ = {
			isa = PBXGroup;
			children = (
				D26674D417E65635004B4869 /* AnotherObject_TST.h */,
				D26674D517E65635004B4869 /* AnotherObject_TST.m */,
				D26674D117E65369004B4869 /* AnotherObject.h */,
				D26674D217E65369004B4869 /* AnotherObject.m */,
			);
			name = "Test Objects";
			sourceTree = "<group>";
		};
		D26674FB17E71406004B4869 /* MCCSuperTests */ = {
			isa = PBXGroup;
			children = (
				D266750117E71406004B4869 /* MCCSuperTests.m */,
				D26674FC17E71406004B4869 /* Supporting Files */,
			);
			path = MCCSuperTests;
			sourceTree = "<group>";
		};
		D26674FC17E71406004B4869 /* Supporting Files */ = {
			isa = PBXGroup;
			children = (
				D26674FD17E71406004B4869 /* MCCSuperTests-Info.plist */,
				D26674FE17E71406004B4869 /* InfoPlist.strings */,
			);
			name = "Supporting Files";
			sourceTree = "<group>";
		};
/* End PBXGroup section */

/* Begin PBXHeadersBuildPhase section */
		D23CF673176C855800301165 /* Headers */ = {
			isa = PBXHeadersBuildPhase;
			buildActionMask = 2147483647;
			files = (
				D23CF6AE176C890E00301165 /* MCCCommonHeader.h in Headers */,
				D23CF6AF176C891300301165 /* MCCMailAbstractor.h in Headers */,
				D23CF6B0176C891700301165 /* MCCSwizzle.h in Headers */,
			);
			runOnlyForDeploymentPostprocessing = 0;
		};
		D2421E8517E71AEF006427A6 /* Headers */ = {
			isa = PBXHeadersBuildPhase;
			buildActionMask = 2147483647;
			files = (
				D2421E8617E71AEF006427A6 /* MCCCommonHeader.h in Headers */,
				D2421E8717E71AEF006427A6 /* MCCMailAbstractor.h in Headers */,
				D2421E8817E71AEF006427A6 /* MCCSwizzle.h in Headers */,
			);
			runOnlyForDeploymentPostprocessing = 0;
		};
		D2421E9A17E71EC2006427A6 /* Headers */ = {
			isa = PBXHeadersBuildPhase;
			buildActionMask = 2147483647;
			files = (
				D2421E9B17E71EC2006427A6 /* MCCCommonHeader.h in Headers */,
				D2421E9C17E71EC2006427A6 /* MCCMailAbstractor.h in Headers */,
				D2421E9D17E71EC2006427A6 /* MCCSwizzle.h in Headers */,
			);
			runOnlyForDeploymentPostprocessing = 0;
		};
/* End PBXHeadersBuildPhase section */

/* Begin PBXNativeTarget section */
		D23CF675176C855800301165 /* MCCMailCommon */ = {
			isa = PBXNativeTarget;
			buildConfigurationList = D23CF69E176C855800301165 /* Build configuration list for PBXNativeTarget "MCCMailCommon" */;
			buildPhases = (
				D23CF671176C855800301165 /* Sources */,
				D23CF672176C855800301165 /* Frameworks */,
				D23CF673176C855800301165 /* Headers */,
				D23CF674176C855800301165 /* Resources */,
			);
			buildRules = (
			);
			dependencies = (
			);
			name = MCCMailCommon;
			productName = MCCMailCommon;
			productReference = D23CF676176C855800301165 /* MCCMailCommon.framework */;
			productType = "com.apple.product-type.framework";
		};
		D23CF68C176C855800301165 /* MCCMailCommonTests */ = {
			isa = PBXNativeTarget;
			buildConfigurationList = D23CF6A1176C855800301165 /* Build configuration list for PBXNativeTarget "MCCMailCommonTests" */;
			buildPhases = (
				D23CF689176C855800301165 /* Sources */,
				D23CF68A176C855800301165 /* Frameworks */,
				D23CF68B176C855800301165 /* Resources */,
			);
			buildRules = (
			);
			dependencies = (
				D23CF692176C855800301165 /* PBXTargetDependency */,
			);
			name = MCCMailCommonTests;
			productName = MCCMailCommonTests;
			productReference = D23CF68D176C855800301165 /* MCCMailCommonTests.xctest */;
			productType = "com.apple.product-type.bundle.unit-test";
		};
		D2421E7F17E71AEF006427A6 /* MCCMailCommonSuper */ = {
			isa = PBXNativeTarget;
			buildConfigurationList = D2421E8C17E71AEF006427A6 /* Build configuration list for PBXNativeTarget "MCCMailCommonSuper" */;
			buildPhases = (
				D2421E8017E71AEF006427A6 /* Sources */,
				D2421E8317E71AEF006427A6 /* Frameworks */,
				D2421E8517E71AEF006427A6 /* Headers */,
				D2421E8917E71AEF006427A6 /* Resources */,
			);
			buildRules = (
			);
			dependencies = (
			);
			name = MCCMailCommonSuper;
			productName = MCCMailCommon;
			productReference = D2421E8F17E71AEF006427A6 /* MCCMailCommonSuper.framework */;
			productType = "com.apple.product-type.framework";
		};
		D2421E9417E71EC2006427A6 /* MCCMailCommonSeparators */ = {
			isa = PBXNativeTarget;
			buildConfigurationList = D2421EA117E71EC2006427A6 /* Build configuration list for PBXNativeTarget "MCCMailCommonSeparators" */;
			buildPhases = (
				D2421E9517E71EC2006427A6 /* Sources */,
				D2421E9817E71EC2006427A6 /* Frameworks */,
				D2421E9A17E71EC2006427A6 /* Headers */,
				D2421E9E17E71EC2006427A6 /* Resources */,
			);
			buildRules = (
			);
			dependencies = (
			);
			name = MCCMailCommonSeparators;
			productName = MCCMailCommon;
			productReference = D2421EA417E71EC2006427A6 /* MCCMailCommonSeparators.framework */;
			productType = "com.apple.product-type.framework";
		};
		D26674E017E663C9004B4869 /* MCCSeparatorTests */ = {
			isa = PBXNativeTarget;
			buildConfigurationList = D26674EC17E663CA004B4869 /* Build configuration list for PBXNativeTarget "MCCSeparatorTests" */;
			buildPhases = (
				D26674DD17E663C9004B4869 /* Sources */,
				D26674DE17E663C9004B4869 /* Frameworks */,
				D26674DF17E663C9004B4869 /* Resources */,
			);
			buildRules = (
			);
			dependencies = (
				D2421EA917E71F9B006427A6 /* PBXTargetDependency */,
			);
			name = MCCSeparatorTests;
			productName = MCCSeparatorTests;
			productReference = D26674E117E663C9004B4869 /* MCCSeparatorTests.xctest */;
			productType = "com.apple.product-type.bundle.unit-test";
		};
		D26674F817E71406004B4869 /* MCCSuperTests */ = {
			isa = PBXNativeTarget;
			buildConfigurationList = D266750417E71407004B4869 /* Build configuration list for PBXNativeTarget "MCCSuperTests" */;
			buildPhases = (
				D26674F517E71406004B4869 /* Sources */,
				D26674F617E71406004B4869 /* Frameworks */,
				D26674F717E71406004B4869 /* Resources */,
			);
			buildRules = (
			);
			dependencies = (
				D2421E9317E71C2E006427A6 /* PBXTargetDependency */,
			);
			name = MCCSuperTests;
			productName = MCCSuperTests;
			productReference = D26674F917E71406004B4869 /* MCCSuperTests.xctest */;
			productType = "com.apple.product-type.bundle.unit-test";
		};
/* End PBXNativeTarget section */

/* Begin PBXProject section */
		D23CF66D176C855800301165 /* Project object */ = {
			isa = PBXProject;
			attributes = {
				CLASSPREFIX = MCC;
				LastUpgradeCheck = 0500;
				ORGANIZATIONNAME = "Little Known Software, Inc.";
				TargetAttributes = {
					D23CF68C176C855800301165 = {
						TestTargetID = D23CF675176C855800301165;
					};
					D26674E017E663C9004B4869 = {
						TestTargetID = D23CF675176C855800301165;
					};
					D26674F817E71406004B4869 = {
						TestTargetID = D23CF675176C855800301165;
					};
				};
			};
			buildConfigurationList = D23CF670176C855800301165 /* Build configuration list for PBXProject "MCCMailCommon" */;
			compatibilityVersion = "Xcode 3.2";
			developmentRegion = English;
			hasScannedForEncodings = 0;
			knownRegions = (
				en,
			);
			mainGroup = D23CF66C176C855800301165;
			productRefGroup = D23CF677176C855800301165 /* Products */;
			projectDirPath = "";
			projectRoot = "";
			targets = (
				D23CF675176C855800301165 /* MCCMailCommon */,
				D23CF68C176C855800301165 /* MCCMailCommonTests */,
				D2421E9417E71EC2006427A6 /* MCCMailCommonSeparators */,
				D26674E017E663C9004B4869 /* MCCSeparatorTests */,
				D2421E7F17E71AEF006427A6 /* MCCMailCommonSuper */,
				D26674F817E71406004B4869 /* MCCSuperTests */,
			);
		};
/* End PBXProject section */

/* Begin PBXResourcesBuildPhase section */
		D23CF674176C855800301165 /* Resources */ = {
			isa = PBXResourcesBuildPhase;
			buildActionMask = 2147483647;
			files = (
				D2E2E963188C9C9D000F1E76 /* PluginClassMappings.plist in Resources */,
				D23CF684176C855800301165 /* InfoPlist.strings in Resources */,
				D23CF6B1176C892300301165 /* MailVersionClassMappings.plist in Resources */,
			);
			runOnlyForDeploymentPostprocessing = 0;
		};
		D23CF68B176C855800301165 /* Resources */ = {
			isa = PBXResourcesBuildPhase;
			buildActionMask = 2147483647;
			files = (
				D23CF699176C855800301165 /* InfoPlist.strings in Resources */,
			);
			runOnlyForDeploymentPostprocessing = 0;
		};
		D2421E8917E71AEF006427A6 /* Resources */ = {
			isa = PBXResourcesBuildPhase;
			buildActionMask = 2147483647;
			files = (
				D2421E8A17E71AEF006427A6 /* InfoPlist.strings in Resources */,
				D2421E8B17E71AEF006427A6 /* MailVersionClassMappings.plist in Resources */,
			);
			runOnlyForDeploymentPostprocessing = 0;
		};
		D2421E9E17E71EC2006427A6 /* Resources */ = {
			isa = PBXResourcesBuildPhase;
			buildActionMask = 2147483647;
			files = (
				D2421E9F17E71EC2006427A6 /* InfoPlist.strings in Resources */,
				D2421EA017E71EC2006427A6 /* MailVersionClassMappings.plist in Resources */,
			);
			runOnlyForDeploymentPostprocessing = 0;
		};
		D26674DF17E663C9004B4869 /* Resources */ = {
			isa = PBXResourcesBuildPhase;
			buildActionMask = 2147483647;
			files = (
				D26674E817E663C9004B4869 /* InfoPlist.strings in Resources */,
			);
			runOnlyForDeploymentPostprocessing = 0;
		};
		D26674F717E71406004B4869 /* Resources */ = {
			isa = PBXResourcesBuildPhase;
			buildActionMask = 2147483647;
			files = (
				D266750017E71406004B4869 /* InfoPlist.strings in Resources */,
			);
			runOnlyForDeploymentPostprocessing = 0;
		};
/* End PBXResourcesBuildPhase section */

/* Begin PBXSourcesBuildPhase section */
		D23CF671176C855800301165 /* Sources */ = {
			isa = PBXSourcesBuildPhase;
			buildActionMask = 2147483647;
			files = (
				D23CF6AD176C88F200301165 /* MCCSwizzle.m in Sources */,
				D23CF6AC176C88EF00301165 /* MCCMailAbstractor.m in Sources */,
			);
			runOnlyForDeploymentPostprocessing = 0;
		};
		D23CF689176C855800301165 /* Sources */ = {
			isa = PBXSourcesBuildPhase;
			buildActionMask = 2147483647;
			files = (
				D26674C417E5D591004B4869 /* TSTObject+MCCSwizzle.m in Sources */,
				D2E2E960188C90D9000F1E76 /* MCCClassAbstractorLionTests.m in Sources */,
				D26674D017E5F882004B4869 /* MyObject.m in Sources */,
				D26674CD17E5E031004B4869 /* NSObject+DLIntrospection.m in Sources */,
				D26674C917E5D6A8004B4869 /* TSTObject.m in Sources */,
				D23CF69B176C855800301165 /* MCCMailCommonTests.m in Sources */,
			);
			runOnlyForDeploymentPostprocessing = 0;
		};
		D2421E8017E71AEF006427A6 /* Sources */ = {
			isa = PBXSourcesBuildPhase;
			buildActionMask = 2147483647;
			files = (
				D2421E8117E71AEF006427A6 /* MCCSwizzle.m in Sources */,
				D2421E8217E71AEF006427A6 /* MCCMailAbstractor.m in Sources */,
			);
			runOnlyForDeploymentPostprocessing = 0;
		};
		D2421E9517E71EC2006427A6 /* Sources */ = {
			isa = PBXSourcesBuildPhase;
			buildActionMask = 2147483647;
			files = (
				D2421E9617E71EC2006427A6 /* MCCSwizzle.m in Sources */,
				D2421E9717E71EC2006427A6 /* MCCMailAbstractor.m in Sources */,
			);
			runOnlyForDeploymentPostprocessing = 0;
		};
		D26674DD17E663C9004B4869 /* Sources */ = {
			isa = PBXSourcesBuildPhase;
			buildActionMask = 2147483647;
			files = (
				D26674F217E66445004B4869 /* AnotherObject_TST.m in Sources */,
				D26674EA17E663C9004B4869 /* MCCSeparatorTests.m in Sources */,
				D26674F317E66445004B4869 /* AnotherObject.m in Sources */,
			);
			runOnlyForDeploymentPostprocessing = 0;
		};
		D26674F517E71406004B4869 /* Sources */ = {
			isa = PBXSourcesBuildPhase;
			buildActionMask = 2147483647;
			files = (
				D2421E7717E715F0006427A6 /* MyObject.m in Sources */,
				D266750217E71406004B4869 /* MCCSuperTests.m in Sources */,
				D2421E7817E715F0006427A6 /* TSTObject.m in Sources */,
			);
			runOnlyForDeploymentPostprocessing = 0;
		};
/* End PBXSourcesBuildPhase section */

/* Begin PBXTargetDependency section */
		D23CF692176C855800301165 /* PBXTargetDependency */ = {
			isa = PBXTargetDependency;
			target = D23CF675176C855800301165 /* MCCMailCommon */;
			targetProxy = D23CF691176C855800301165 /* PBXContainerItemProxy */;
		};
		D2421E9317E71C2E006427A6 /* PBXTargetDependency */ = {
			isa = PBXTargetDependency;
			target = D2421E7F17E71AEF006427A6 /* MCCMailCommonSuper */;
			targetProxy = D2421E9217E71C2E006427A6 /* PBXContainerItemProxy */;
		};
		D2421EA917E71F9B006427A6 /* PBXTargetDependency */ = {
			isa = PBXTargetDependency;
			target = D2421E9417E71EC2006427A6 /* MCCMailCommonSeparators */;
			targetProxy = D2421EA817E71F9B006427A6 /* PBXContainerItemProxy */;
		};
/* End PBXTargetDependency section */

/* Begin PBXVariantGroup section */
		D23CF682176C855800301165 /* InfoPlist.strings */ = {
			isa = PBXVariantGroup;
			children = (
				D23CF683176C855800301165 /* en */,
			);
			name = InfoPlist.strings;
			sourceTree = "<group>";
		};
		D23CF697176C855800301165 /* InfoPlist.strings */ = {
			isa = PBXVariantGroup;
			children = (
				D23CF698176C855800301165 /* en */,
			);
			name = InfoPlist.strings;
			sourceTree = "<group>";
		};
		D26674E617E663C9004B4869 /* InfoPlist.strings */ = {
			isa = PBXVariantGroup;
			children = (
				D26674E717E663C9004B4869 /* en */,
			);
			name = InfoPlist.strings;
			sourceTree = "<group>";
		};
		D26674FE17E71406004B4869 /* InfoPlist.strings */ = {
			isa = PBXVariantGroup;
			children = (
				D26674FF17E71406004B4869 /* en */,
			);
			name = InfoPlist.strings;
			sourceTree = "<group>";
		};
/* End PBXVariantGroup section */

/* Begin XCBuildConfiguration section */
		D23CF69C176C855800301165 /* Debug */ = {
			isa = XCBuildConfiguration;
			baseConfigurationReference = D23CF6A4176C875500301165 /* lk-warnings.xcconfig */;
			buildSettings = {
				ALWAYS_SEARCH_USER_PATHS = NO;
				CLANG_CXX_LANGUAGE_STANDARD = "gnu++0x";
				CLANG_CXX_LIBRARY = "libc++";
				CLANG_ENABLE_MODULES = YES;
				CLANG_ENABLE_OBJC_ARC = YES;
				CLANG_WARN_BOOL_CONVERSION = YES;
				CLANG_WARN_CONSTANT_CONVERSION = YES;
				CLANG_WARN_DIRECT_OBJC_ISA_USAGE = YES_ERROR;
				CLANG_WARN_DOCUMENTATION_COMMENTS = YES;
				CLANG_WARN_EMPTY_BODY = YES;
				CLANG_WARN_ENUM_CONVERSION = YES;
				CLANG_WARN_INT_CONVERSION = YES;
				CLANG_WARN_OBJC_ROOT_CLASS = YES_ERROR;
				CLANG_WARN__DUPLICATE_METHOD_MATCH = YES;
				COPY_PHASE_STRIP = NO;
				GCC_C_LANGUAGE_STANDARD = gnu99;
				GCC_DYNAMIC_NO_PIC = NO;
				GCC_ENABLE_OBJC_EXCEPTIONS = YES;
				GCC_OPTIMIZATION_LEVEL = 0;
				GCC_PREPROCESSOR_DEFINITIONS = (
					"DEBUG=1",
					"$(inherited)",
				);
				GCC_SYMBOLS_PRIVATE_EXTERN = NO;
				GCC_WARN_64_TO_32_BIT_CONVERSION = YES;
				GCC_WARN_ABOUT_RETURN_TYPE = YES_ERROR;
				GCC_WARN_UNDECLARED_SELECTOR = YES;
				GCC_WARN_UNINITIALIZED_AUTOS = YES;
				GCC_WARN_UNUSED_FUNCTION = YES;
				GCC_WARN_UNUSED_VARIABLE = YES;
				MACOSX_DEPLOYMENT_TARGET = 10.7;
				ONLY_ACTIVE_ARCH = YES;
				SDKROOT = macosx;
			};
			name = Debug;
		};
		D23CF69D176C855800301165 /* Release */ = {
			isa = XCBuildConfiguration;
			baseConfigurationReference = D23CF6A4176C875500301165 /* lk-warnings.xcconfig */;
			buildSettings = {
				ALWAYS_SEARCH_USER_PATHS = NO;
				CLANG_CXX_LANGUAGE_STANDARD = "gnu++0x";
				CLANG_CXX_LIBRARY = "libc++";
				CLANG_ENABLE_MODULES = YES;
				CLANG_ENABLE_OBJC_ARC = YES;
				CLANG_WARN_BOOL_CONVERSION = YES;
				CLANG_WARN_CONSTANT_CONVERSION = YES;
				CLANG_WARN_DIRECT_OBJC_ISA_USAGE = YES_ERROR;
				CLANG_WARN_DOCUMENTATION_COMMENTS = YES;
				CLANG_WARN_EMPTY_BODY = YES;
				CLANG_WARN_ENUM_CONVERSION = YES;
				CLANG_WARN_INT_CONVERSION = YES;
				CLANG_WARN_OBJC_ROOT_CLASS = YES_ERROR;
				CLANG_WARN__DUPLICATE_METHOD_MATCH = YES;
				COPY_PHASE_STRIP = YES;
				DEBUG_INFORMATION_FORMAT = "dwarf-with-dsym";
				ENABLE_NS_ASSERTIONS = NO;
				GCC_C_LANGUAGE_STANDARD = gnu99;
				GCC_ENABLE_OBJC_EXCEPTIONS = YES;
				GCC_WARN_64_TO_32_BIT_CONVERSION = YES;
				GCC_WARN_ABOUT_RETURN_TYPE = YES_ERROR;
				GCC_WARN_UNDECLARED_SELECTOR = YES;
				GCC_WARN_UNINITIALIZED_AUTOS = YES;
				GCC_WARN_UNUSED_FUNCTION = YES;
				GCC_WARN_UNUSED_VARIABLE = YES;
				MACOSX_DEPLOYMENT_TARGET = 10.7;
				SDKROOT = macosx;
			};
			name = Release;
		};
		D23CF69F176C855800301165 /* Debug */ = {
			isa = XCBuildConfiguration;
			buildSettings = {
				COMBINE_HIDPI_IMAGES = YES;
				DYLIB_COMPATIBILITY_VERSION = 1;
				DYLIB_CURRENT_VERSION = 1;
				FRAMEWORK_VERSION = A;
				GCC_PRECOMPILE_PREFIX_HEADER = YES;
				GCC_PREFIX_HEADER = "MCCMailCommon/MCCMailCommon-Prefix.pch";
				INFOPLIST_FILE = "MCCMailCommon/MCCMailCommon-Info.plist";
				PRODUCT_NAME = "$(TARGET_NAME)";
				WRAPPER_EXTENSION = framework;
			};
			name = Debug;
		};
		D23CF6A0176C855800301165 /* Release */ = {
			isa = XCBuildConfiguration;
			buildSettings = {
				COMBINE_HIDPI_IMAGES = YES;
				DYLIB_COMPATIBILITY_VERSION = 1;
				DYLIB_CURRENT_VERSION = 1;
				FRAMEWORK_VERSION = A;
				GCC_PRECOMPILE_PREFIX_HEADER = YES;
				GCC_PREFIX_HEADER = "MCCMailCommon/MCCMailCommon-Prefix.pch";
				INFOPLIST_FILE = "MCCMailCommon/MCCMailCommon-Info.plist";
				PRODUCT_NAME = "$(TARGET_NAME)";
				WRAPPER_EXTENSION = framework;
			};
			name = Release;
		};
		D23CF6A2176C855800301165 /* Debug */ = {
			isa = XCBuildConfiguration;
			buildSettings = {
				BUNDLE_LOADER = "$(BUILT_PRODUCTS_DIR)/MCCMailCommon.framework/Versions/A/MCCMailCommon";
				COMBINE_HIDPI_IMAGES = YES;
				FRAMEWORK_SEARCH_PATHS = (
					"$(DEVELOPER_FRAMEWORKS_DIR)",
					"$(inherited)",
				);
				GCC_PRECOMPILE_PREFIX_HEADER = YES;
				GCC_PREFIX_HEADER = "MCCMailCommon/MCCMailCommon-Prefix.pch";
				GCC_PREPROCESSOR_DEFINITIONS = "$(inherited)";
				INFOPLIST_FILE = "MCCMailCommonTests/MCCMailCommonTests-Info.plist";
				PRODUCT_NAME = "$(TARGET_NAME)";
				TEST_HOST = "$(BUNDLE_LOADER)";
				WRAPPER_EXTENSION = xctest;
			};
			name = Debug;
		};
		D23CF6A3176C855800301165 /* Release */ = {
			isa = XCBuildConfiguration;
			buildSettings = {
				BUNDLE_LOADER = "$(BUILT_PRODUCTS_DIR)/MCCMailCommon.framework/Versions/A/MCCMailCommon";
				COMBINE_HIDPI_IMAGES = YES;
				FRAMEWORK_SEARCH_PATHS = (
					"$(DEVELOPER_FRAMEWORKS_DIR)",
					"$(inherited)",
				);
				GCC_PRECOMPILE_PREFIX_HEADER = YES;
				GCC_PREFIX_HEADER = "MCCMailCommon/MCCMailCommon-Prefix.pch";
				INFOPLIST_FILE = "MCCMailCommonTests/MCCMailCommonTests-Info.plist";
				PRODUCT_NAME = "$(TARGET_NAME)";
				TEST_HOST = "$(BUNDLE_LOADER)";
				WRAPPER_EXTENSION = xctest;
			};
			name = Release;
		};
		D2421E8D17E71AEF006427A6 /* Debug */ = {
			isa = XCBuildConfiguration;
			buildSettings = {
				COMBINE_HIDPI_IMAGES = YES;
				DYLIB_COMPATIBILITY_VERSION = 1;
				DYLIB_CURRENT_VERSION = 1;
				FRAMEWORK_VERSION = A;
				GCC_PRECOMPILE_PREFIX_HEADER = YES;
				GCC_PREFIX_HEADER = "MCCMailCommon/MCCMailCommon-Prefix.pch";
				GCC_PREPROCESSOR_DEFINITIONS = (
					"$(inherited)",
					MCC_USE_EXPERIMENTAL_SUPER_OVERRIDE,
				);
				INFOPLIST_FILE = "MCCMailCommon/MCCMailCommon-Info.plist";
				PRODUCT_NAME = MCCMailCommonSuper;
				WRAPPER_EXTENSION = framework;
			};
			name = Debug;
		};
		D2421E8E17E71AEF006427A6 /* Release */ = {
			isa = XCBuildConfiguration;
			buildSettings = {
				COMBINE_HIDPI_IMAGES = YES;
				DYLIB_COMPATIBILITY_VERSION = 1;
				DYLIB_CURRENT_VERSION = 1;
				FRAMEWORK_VERSION = A;
				GCC_PRECOMPILE_PREFIX_HEADER = YES;
				GCC_PREFIX_HEADER = "MCCMailCommon/MCCMailCommon-Prefix.pch";
				INFOPLIST_FILE = "MCCMailCommon/MCCMailCommon-Info.plist";
				PRODUCT_NAME = MCCMailCommonSuper;
				WRAPPER_EXTENSION = framework;
			};
			name = Release;
		};
		D2421EA217E71EC2006427A6 /* Debug */ = {
			isa = XCBuildConfiguration;
			buildSettings = {
				COMBINE_HIDPI_IMAGES = YES;
				DYLIB_COMPATIBILITY_VERSION = 1;
				DYLIB_CURRENT_VERSION = 1;
				FRAMEWORK_VERSION = A;
				GCC_PRECOMPILE_PREFIX_HEADER = YES;
				GCC_PREFIX_HEADER = "MCCMailCommon/MCCMailCommon-Prefix.pch";
				GCC_PREPROCESSOR_DEFINITIONS = (
					"$(inherited)",
					"MCC_CLASSNAME_SUFFIX_SEPARATOR=@\\\"__\\\"",
					"MCC_CLASSNAME_PREFIX_APPENDOR=@\\\"\\\"",
				);
				INFOPLIST_FILE = "MCCMailCommon/MCCMailCommon-Info.plist";
				PRODUCT_NAME = MCCMailCommonSeparators;
				WRAPPER_EXTENSION = framework;
			};
			name = Debug;
		};
		D2421EA317E71EC2006427A6 /* Release */ = {
			isa = XCBuildConfiguration;
			buildSettings = {
				COMBINE_HIDPI_IMAGES = YES;
				DYLIB_COMPATIBILITY_VERSION = 1;
				DYLIB_CURRENT_VERSION = 1;
				FRAMEWORK_VERSION = A;
				GCC_PRECOMPILE_PREFIX_HEADER = YES;
				GCC_PREFIX_HEADER = "MCCMailCommon/MCCMailCommon-Prefix.pch";
				INFOPLIST_FILE = "MCCMailCommon/MCCMailCommon-Info.plist";
				PRODUCT_NAME = MCCMailCommonSeparators;
				WRAPPER_EXTENSION = framework;
			};
			name = Release;
		};
		D26674ED17E663CA004B4869 /* Debug */ = {
			isa = XCBuildConfiguration;
			buildSettings = {
				BUNDLE_LOADER = "$(BUILT_PRODUCTS_DIR)/MCCMailCommonSeparators.framework/Versions/A/MCCMailCommonSeparators";
				FRAMEWORK_SEARCH_PATHS = (
					"$(DEVELOPER_FRAMEWORKS_DIR)",
					"$(inherited)",
				);
				GCC_PRECOMPILE_PREFIX_HEADER = YES;
				GCC_PREFIX_HEADER = "MCCMailCommon/MCCMailCommon-Prefix.pch";
				GCC_PREPROCESSOR_DEFINITIONS = (
					"$(inherited)",
					"MCC_CLASSNAME_SUFFIX_SEPARATOR=@\\\"__\\\"",
					"MCC_CLASSNAME_PREFIX_APPENDOR=@\\\"\\\"",
				);
				INFOPLIST_FILE = "MCCSeparatorTests/MCCSeparatorTests-Info.plist";
				MACOSX_DEPLOYMENT_TARGET = 10.8;
				PRODUCT_NAME = "$(TARGET_NAME)";
				TEST_HOST = "$(BUNDLE_LOADER)";
				WRAPPER_EXTENSION = xctest;
			};
			name = Debug;
		};
		D26674EE17E663CA004B4869 /* Release */ = {
			isa = XCBuildConfiguration;
			buildSettings = {
				BUNDLE_LOADER = "$(BUILT_PRODUCTS_DIR)/MCCMailCommonSeparators.framework/Versions/A/MCCMailCommonSeparators";
				FRAMEWORK_SEARCH_PATHS = (
					"$(DEVELOPER_FRAMEWORKS_DIR)",
					"$(inherited)",
				);
				GCC_PRECOMPILE_PREFIX_HEADER = YES;
				GCC_PREFIX_HEADER = "MCCMailCommon/MCCMailCommon-Prefix.pch";
				INFOPLIST_FILE = "MCCSeparatorTests/MCCSeparatorTests-Info.plist";
				MACOSX_DEPLOYMENT_TARGET = 10.8;
				PRODUCT_NAME = "$(TARGET_NAME)";
				TEST_HOST = "$(BUNDLE_LOADER)";
				WRAPPER_EXTENSION = xctest;
			};
			name = Release;
		};
		D266750517E71407004B4869 /* Debug */ = {
			isa = XCBuildConfiguration;
			buildSettings = {
				BUNDLE_LOADER = "$(BUILT_PRODUCTS_DIR)/MCCMailCommonSuper.framework/Versions/A/MCCMailCommonSuper";
				FRAMEWORK_SEARCH_PATHS = (
					"$(DEVELOPER_FRAMEWORKS_DIR)",
					"$(inherited)",
				);
				GCC_PRECOMPILE_PREFIX_HEADER = YES;
				GCC_PREFIX_HEADER = "MCCMailCommon/MCCMailCommon-Prefix.pch";
				GCC_PREPROCESSOR_DEFINITIONS = (
					MCC_USE_EXPERIMENTAL_SUPER_OVERRIDE,
					"$(inherited)",
				);
				INFOPLIST_FILE = "MCCSuperTests/MCCSuperTests-Info.plist";
				MACOSX_DEPLOYMENT_TARGET = 10.8;
				PRODUCT_NAME = "$(TARGET_NAME)";
				TEST_HOST = "$(BUNDLE_LOADER)";
				WRAPPER_EXTENSION = xctest;
			};
			name = Debug;
		};
		D266750617E71407004B4869 /* Release */ = {
			isa = XCBuildConfiguration;
			buildSettings = {
				BUNDLE_LOADER = "$(BUILT_PRODUCTS_DIR)/MCCMailCommonSuper.framework/Versions/A/MCCMailCommonSuper";
				FRAMEWORK_SEARCH_PATHS = (
					"$(DEVELOPER_FRAMEWORKS_DIR)",
					"$(inherited)",
				);
				GCC_PRECOMPILE_PREFIX_HEADER = YES;
				GCC_PREFIX_HEADER = "MCCMailCommon/MCCMailCommon-Prefix.pch";
				INFOPLIST_FILE = "MCCSuperTests/MCCSuperTests-Info.plist";
				MACOSX_DEPLOYMENT_TARGET = 10.8;
				PRODUCT_NAME = "$(TARGET_NAME)";
				TEST_HOST = "$(BUNDLE_LOADER)";
				WRAPPER_EXTENSION = xctest;
			};
			name = Release;
		};
/* End XCBuildConfiguration section */

/* Begin XCConfigurationList section */
		D23CF670176C855800301165 /* Build configuration list for PBXProject "MCCMailCommon" */ = {
			isa = XCConfigurationList;
			buildConfigurations = (
				D23CF69C176C855800301165 /* Debug */,
				D23CF69D176C855800301165 /* Release */,
			);
			defaultConfigurationIsVisible = 0;
			defaultConfigurationName = Release;
		};
		D23CF69E176C855800301165 /* Build configuration list for PBXNativeTarget "MCCMailCommon" */ = {
			isa = XCConfigurationList;
			buildConfigurations = (
				D23CF69F176C855800301165 /* Debug */,
				D23CF6A0176C855800301165 /* Release */,
			);
			defaultConfigurationIsVisible = 0;
			defaultConfigurationName = Release;
		};
		D23CF6A1176C855800301165 /* Build configuration list for PBXNativeTarget "MCCMailCommonTests" */ = {
			isa = XCConfigurationList;
			buildConfigurations = (
				D23CF6A2176C855800301165 /* Debug */,
				D23CF6A3176C855800301165 /* Release */,
			);
			defaultConfigurationIsVisible = 0;
			defaultConfigurationName = Release;
		};
		D2421E8C17E71AEF006427A6 /* Build configuration list for PBXNativeTarget "MCCMailCommonSuper" */ = {
			isa = XCConfigurationList;
			buildConfigurations = (
				D2421E8D17E71AEF006427A6 /* Debug */,
				D2421E8E17E71AEF006427A6 /* Release */,
			);
			defaultConfigurationIsVisible = 0;
			defaultConfigurationName = Release;
		};
		D2421EA117E71EC2006427A6 /* Build configuration list for PBXNativeTarget "MCCMailCommonSeparators" */ = {
			isa = XCConfigurationList;
			buildConfigurations = (
				D2421EA217E71EC2006427A6 /* Debug */,
				D2421EA317E71EC2006427A6 /* Release */,
			);
			defaultConfigurationIsVisible = 0;
			defaultConfigurationName = Release;
		};
		D26674EC17E663CA004B4869 /* Build configuration list for PBXNativeTarget "MCCSeparatorTests" */ = {
			isa = XCConfigurationList;
			buildConfigurations = (
				D26674ED17E663CA004B4869 /* Debug */,
				D26674EE17E663CA004B4869 /* Release */,
			);
			defaultConfigurationIsVisible = 0;
			defaultConfigurationName = Release;
		};
		D266750417E71407004B4869 /* Build configuration list for PBXNativeTarget "MCCSuperTests" */ = {
			isa = XCConfigurationList;
			buildConfigurations = (
				D266750517E71407004B4869 /* Debug */,
				D266750617E71407004B4869 /* Release */,
			);
			defaultConfigurationIsVisible = 0;
			defaultConfigurationName = Release;
		};
/* End XCConfigurationList section */
	};
	rootObject = D23CF66D176C855800301165 /* Project object */;
}
